
Microsoft Visual Studio Solution File, Format Version 11.00
# Visual Studio 2010
Project("{FAE04EC0-301F-11D3-BF4B-00C04F79EFBC}") = "MATTest", "MATTest\MATTest.csproj", "{7A46FA44-CAD2-4E21-841C-2E32ADD8F703}"
EndProject
Project("{FAE04EC0-301F-11D3-BF4B-00C04F79EFBC}") = "MobileAppTrackerBinding", "MobileAppTrackerBinding\MobileAppTrackerBinding.csproj", "{0B3A75B4-25A4-4108-9A90-DB1FF3D5E106}"
EndProject
Global
	GlobalSection(SolutionConfigurationPlatforms) = preSolution
		Debug|iPhoneSimulator = Debug|iPhoneSimulator
		Release|iPhoneSimulator = Release|iPhoneSimulator
		Debug|iPhone = Debug|iPhone
		Release|iPhone = Release|iPhone
		Ad-Hoc|iPhone = Ad-Hoc|iPhone
		AppStore|iPhone = AppStore|iPhone
	EndGlobalSection
	GlobalSection(ProjectConfigurationPlatforms) = postSolution
		{0B3A75B4-25A4-4108-9A90-DB1FF3D5E106}.Ad-Hoc|iPhone.ActiveCfg = Release|Any CPU
		{0B3A75B4-25A4-4108-9A90-DB1FF3D5E106}.Ad-Hoc|iPhone.Build.0 = Release|Any CPU
		{0B3A75B4-25A4-4108-9A90-DB1FF3D5E106}.AppStore|iPhone.ActiveCfg = Release|Any CPU
		{0B3A75B4-25A4-4108-9A90-DB1FF3D5E106}.AppStore|iPhone.Build.0 = Release|Any CPU
		{0B3A75B4-25A4-4108-9A90-DB1FF3D5E106}.Debug|iPhone.ActiveCfg = Debug|Any CPU
		{0B3A75B4-25A4-4108-9A90-DB1FF3D5E106}.Debug|iPhone.Build.0 = Debug|Any CPU
		{0B3A75B4-25A4-4108-9A90-DB1FF3D5E106}.Debug|iPhoneSimulator.ActiveCfg = Debug|Any CPU
		{0B3A75B4-25A4-4108-9A90-DB1FF3D5E106}.Debug|iPhoneSimulator.Build.0 = Debug|Any CPU
		{0B3A75B4-25A4-4108-9A90-DB1FF3D5E106}.Release|iPhone.ActiveCfg = Release|Any CPU
		{0B3A75B4-25A4-4108-9A90-DB1FF3D5E106}.Release|iPhone.Build.0 = Release|Any CPU
		{0B3A75B4-25A4-4108-9A90-DB1FF3D5E106}.Release|iPhoneSimulator.ActiveCfg = Release|Any CPU
		{0B3A75B4-25A4-4108-9A90-DB1FF3D5E106}.Release|iPhoneSimulator.Build.0 = Release|Any CPU
		{7A46FA44-CAD2-4E21-841C-2E32ADD8F703}.Ad-Hoc|iPhone.ActiveCfg = Ad-Hoc|iPhone
		{7A46FA44-CAD2-4E21-841C-2E32ADD8F703}.Ad-Hoc|iPhone.Build.0 = Ad-Hoc|iPhone
		{7A46FA44-CAD2-4E21-841C-2E32ADD8F703}.AppStore|iPhone.ActiveCfg = AppStore|iPhone
		{7A46FA44-CAD2-4E21-841C-2E32ADD8F703}.AppStore|iPhone.Build.0 = AppStore|iPhone
		{7A46FA44-CAD2-4E21-841C-2E32ADD8F703}.Debug|iPhone.ActiveCfg = Debug|iPhone
		{7A46FA44-CAD2-4E21-841C-2E32ADD8F703}.Debug|iPhone.Build.0 = Debug|iPhone
		{7A46FA44-CAD2-4E21-841C-2E32ADD8F703}.Debug|iPhoneSimulator.ActiveCfg = Debug|iPhoneSimulator
		{7A46FA44-CAD2-4E21-841C-2E32ADD8F703}.Debug|iPhoneSimulator.Build.0 = Debug|iPhoneSimulator
		{7A46FA44-CAD2-4E21-841C-2E32ADD8F703}.Release|iPhone.ActiveCfg = Release|iPhone
		{7A46FA44-CAD2-4E21-841C-2E32ADD8F703}.Release|iPhone.Build.0 = Release|iPhone
		{7A46FA44-CAD2-4E21-841C-2E32ADD8F703}.Release|iPhoneSimulator.ActiveCfg = Release|iPhoneSimulator
		{7A46FA44-CAD2-4E21-841C-2E32ADD8F703}.Release|iPhoneSimulator.Build.0 = Release|iPhoneSimulator
	EndGlobalSection
	GlobalSection(MonoDevelopProperties) = preSolution
		Policies = $0
		$0.DotNetNamingPolicy = $1
		$1.DirectoryNamespaceAssociation = None
		$1.ResourceNamePolicy = FileFormatDefault
		$0.TextStylePolicy = $2
		$2.inheritsSet = null
		$2.scope = text/x-csharp
		$0.CSharpFormattingPolicy = $3
		$3.AfterDelegateDeclarationParameterComma = True
		$3.inheritsSet = Mono
		$3.inheritsScope = text/x-csharp
		$3.scope = text/x-csharp
		$0.TextStylePolicy = $4
		$4.FileWidth = 120
		$4.inheritsSet = VisualStudio
		$4.inheritsScope = text/plain
		$4.scope = text/plain
		$0.TextStylePolicy = $5
		$5.inheritsSet = null
		$5.scope = application/vnd.apple-interface-builder
		$0.XmlFormattingPolicy = $6
		$6.inheritsSet = null
		$6.scope = application/vnd.apple-interface-builder
		$0.TextStylePolicy = $7
		$7.inheritsSet = null
		$7.scope = application/xml
		$0.XmlFormattingPolicy = $8
		$8.inheritsSet = Mono
		$8.inheritsScope = application/xml
		$8.scope = application/xml
		$0.StandardHeader = $9
		$9.Text = 
		$9.IncludeInNewFiles = True
		version = 3.7
	EndGlobalSection
EndGlobal
