
Microsoft Visual Studio Solution File, Format Version 11.00
# Visual Studio 2010
Project("{FAE04EC0-301F-11D3-BF4B-00C04F79EFBC}") = "MATTest", "MATTest\MATTest.csproj", "{4922AE4A-2B20-4435-AB6F-351F9A13A053}"
EndProject
Global
	GlobalSection(SolutionConfigurationPlatforms) = preSolution
		Debug|iPhoneSimulator = Debug|iPhoneSimulator
		Release|iPhoneSimulator = Release|iPhoneSimulator
		Debug|iPhone = Debug|iPhone
		Release|iPhone = Release|iPhone
		Ad-Hoc|iPhone = Ad-Hoc|iPhone
		AppStore|iPhone = AppStore|iPhone
	EndGlobalSection
	GlobalSection(ProjectConfigurationPlatforms) = postSolution
		{4922AE4A-2B20-4435-AB6F-351F9A13A053}.Ad-Hoc|iPhone.ActiveCfg = Ad-Hoc|iPhone
		{4922AE4A-2B20-4435-AB6F-351F9A13A053}.Ad-Hoc|iPhone.Build.0 = Ad-Hoc|iPhone
		{4922AE4A-2B20-4435-AB6F-351F9A13A053}.AppStore|iPhone.ActiveCfg = AppStore|iPhone
		{4922AE4A-2B20-4435-AB6F-351F9A13A053}.AppStore|iPhone.Build.0 = AppStore|iPhone
		{4922AE4A-2B20-4435-AB6F-351F9A13A053}.Debug|iPhone.ActiveCfg = Debug|iPhone
		{4922AE4A-2B20-4435-AB6F-351F9A13A053}.Debug|iPhone.Build.0 = Debug|iPhone
		{4922AE4A-2B20-4435-AB6F-351F9A13A053}.Debug|iPhoneSimulator.ActiveCfg = Debug|iPhoneSimulator
		{4922AE4A-2B20-4435-AB6F-351F9A13A053}.Debug|iPhoneSimulator.Build.0 = Debug|iPhoneSimulator
		{4922AE4A-2B20-4435-AB6F-351F9A13A053}.Release|iPhone.ActiveCfg = Release|iPhone
		{4922AE4A-2B20-4435-AB6F-351F9A13A053}.Release|iPhone.Build.0 = Release|iPhone
		{4922AE4A-2B20-4435-AB6F-351F9A13A053}.Release|iPhoneSimulator.ActiveCfg = Release|iPhoneSimulator
		{4922AE4A-2B20-4435-AB6F-351F9A13A053}.Release|iPhoneSimulator.Build.0 = Release|iPhoneSimulator
	EndGlobalSection
	GlobalSection(MonoDevelopProperties) = preSolution
		StartupItem = MATTest\MATTest.csproj
	EndGlobalSection
EndGlobal
