
Microsoft Visual Studio Solution File, Format Version 12.00
# Visual Studio Version 16
VisualStudioVersion = 16.0.29728.190
MinimumVisualStudioVersion = 10.0.40219.1
Project("{FAE04EC0-301F-11D3-BF4B-00C04F79EFBC}") = "Tune.Xamarin.iOS", "Tune.Xamarin.iOS\Tune.Xamarin.iOS.csproj", "{0B3A75B4-25A4-4108-9A90-DB1FF3D5E106}"
EndProject
Project("{FAE04EC0-301F-11D3-BF4B-00C04F79EFBC}") = "TestApp", "TestApp\TestApp.csproj", "{7A46FA44-CAD2-4E21-841C-2E32ADD8F703}"
EndProject
Global
	GlobalSection(SolutionConfigurationPlatforms) = preSolution
		Ad-Hoc|iPhone = Ad-Hoc|iPhone
		Ad-Hoc|iPhoneSimulator = Ad-Hoc|iPhoneSimulator
		AppStore|iPhone = AppStore|iPhone
		AppStore|iPhoneSimulator = AppStore|iPhoneSimulator
		Debug|iPhone = Debug|iPhone
		Debug|iPhoneSimulator = Debug|iPhoneSimulator
		Release|iPhone = Release|iPhone
		Release|iPhoneSimulator = Release|iPhoneSimulator
	EndGlobalSection
	GlobalSection(ProjectConfigurationPlatforms) = postSolution
		{0B3A75B4-25A4-4108-9A90-DB1FF3D5E106}.Ad-Hoc|iPhone.ActiveCfg = Debug|Any CPU
		{0B3A75B4-25A4-4108-9A90-DB1FF3D5E106}.Ad-Hoc|iPhone.Build.0 = Debug|Any CPU
		{0B3A75B4-25A4-4108-9A90-DB1FF3D5E106}.Ad-Hoc|iPhoneSimulator.ActiveCfg = Release|Any CPU
		{0B3A75B4-25A4-4108-9A90-DB1FF3D5E106}.Ad-Hoc|iPhoneSimulator.Build.0 = Release|Any CPU
		{0B3A75B4-25A4-4108-9A90-DB1FF3D5E106}.AppStore|iPhone.ActiveCfg = Debug|Any CPU
		{0B3A75B4-25A4-4108-9A90-DB1FF3D5E106}.AppStore|iPhone.Build.0 = Debug|Any CPU
		{0B3A75B4-25A4-4108-9A90-DB1FF3D5E106}.AppStore|iPhoneSimulator.ActiveCfg = Release|Any CPU
		{0B3A75B4-25A4-4108-9A90-DB1FF3D5E106}.AppStore|iPhoneSimulator.Build.0 = Release|Any CPU
		{0B3A75B4-25A4-4108-9A90-DB1FF3D5E106}.Debug|iPhone.ActiveCfg = Debug|Any CPU
		{0B3A75B4-25A4-4108-9A90-DB1FF3D5E106}.Debug|iPhone.Build.0 = Debug|Any CPU
		{0B3A75B4-25A4-4108-9A90-DB1FF3D5E106}.Debug|iPhoneSimulator.ActiveCfg = Debug|Any CPU
		{0B3A75B4-25A4-4108-9A90-DB1FF3D5E106}.Debug|iPhoneSimulator.Build.0 = Debug|Any CPU
		{0B3A75B4-25A4-4108-9A90-DB1FF3D5E106}.Release|iPhone.ActiveCfg = Release|Any CPU
		{0B3A75B4-25A4-4108-9A90-DB1FF3D5E106}.Release|iPhone.Build.0 = Release|Any CPU
		{0B3A75B4-25A4-4108-9A90-DB1FF3D5E106}.Release|iPhoneSimulator.ActiveCfg = Release|Any CPU
		{0B3A75B4-25A4-4108-9A90-DB1FF3D5E106}.Release|iPhoneSimulator.Build.0 = Release|Any CPU
		{7A46FA44-CAD2-4E21-841C-2E32ADD8F703}.Ad-Hoc|iPhone.ActiveCfg = Ad-Hoc|iPhone
		{7A46FA44-CAD2-4E21-841C-2E32ADD8F703}.Ad-Hoc|iPhone.Build.0 = Ad-Hoc|iPhone
		{7A46FA44-CAD2-4E21-841C-2E32ADD8F703}.Ad-Hoc|iPhoneSimulator.ActiveCfg = Ad-Hoc|iPhoneSimulator
		{7A46FA44-CAD2-4E21-841C-2E32ADD8F703}.Ad-Hoc|iPhoneSimulator.Build.0 = Ad-Hoc|iPhoneSimulator
		{7A46FA44-CAD2-4E21-841C-2E32ADD8F703}.AppStore|iPhone.ActiveCfg = AppStore|iPhone
		{7A46FA44-CAD2-4E21-841C-2E32ADD8F703}.AppStore|iPhone.Build.0 = AppStore|iPhone
		{7A46FA44-CAD2-4E21-841C-2E32ADD8F703}.AppStore|iPhoneSimulator.ActiveCfg = AppStore|iPhoneSimulator
		{7A46FA44-CAD2-4E21-841C-2E32ADD8F703}.AppStore|iPhoneSimulator.Build.0 = AppStore|iPhoneSimulator
		{7A46FA44-CAD2-4E21-841C-2E32ADD8F703}.Debug|iPhone.ActiveCfg = Debug|iPhone
		{7A46FA44-CAD2-4E21-841C-2E32ADD8F703}.Debug|iPhone.Build.0 = Debug|iPhone
		{7A46FA44-CAD2-4E21-841C-2E32ADD8F703}.Debug|iPhoneSimulator.ActiveCfg = Debug|iPhoneSimulator
		{7A46FA44-CAD2-4E21-841C-2E32ADD8F703}.Debug|iPhoneSimulator.Build.0 = Debug|iPhoneSimulator
		{7A46FA44-CAD2-4E21-841C-2E32ADD8F703}.Release|iPhone.ActiveCfg = Release|iPhone
		{7A46FA44-CAD2-4E21-841C-2E32ADD8F703}.Release|iPhone.Build.0 = Release|iPhone
		{7A46FA44-CAD2-4E21-841C-2E32ADD8F703}.Release|iPhoneSimulator.ActiveCfg = Release|iPhoneSimulator
		{7A46FA44-CAD2-4E21-841C-2E32ADD8F703}.Release|iPhoneSimulator.Build.0 = Release|iPhoneSimulator
	EndGlobalSection
	GlobalSection(SolutionProperties) = preSolution
		HideSolutionNode = FALSE
	EndGlobalSection
	GlobalSection(ExtensibilityGlobals) = postSolution
		SolutionGuid = {42FEA7E7-01EE-4933-8F5B-A2FB08CBB3E6}
	EndGlobalSection
	GlobalSection(MonoDevelopProperties) = preSolution
		Policies = $0
		$0.DotNetNamingPolicy = $1
		$1.DirectoryNamespaceAssociation = None
		$1.ResourceNamePolicy = FileFormatDefault
		$0.TextStylePolicy = $7
		$2.inheritsSet = null
		$2.scope = text/x-csharp
		$0.CSharpFormattingPolicy = $3
		$3.AfterDelegateDeclarationParameterComma = True
		$3.inheritsSet = Mono
		$3.inheritsScope = text/x-csharp
		$3.scope = text/x-csharp
		$4.FileWidth = 120
		$4.inheritsSet = VisualStudio
		$4.inheritsScope = text/plain
		$4.scope = text/plain
		$5.inheritsSet = null
		$5.scope = application/vnd.apple-interface-builder
		$0.XmlFormattingPolicy = $8
		$6.inheritsSet = null
		$6.scope = application/vnd.apple-interface-builder
		$7.inheritsSet = null
		$7.scope = application/xml
		$8.inheritsSet = Mono
		$8.inheritsScope = application/xml
		$8.scope = application/xml
		$0.StandardHeader = $9
		$9.Text = 
		$9.IncludeInNewFiles = True
		version = 4.0.0
	EndGlobalSection
EndGlobal
