
Microsoft Visual Studio Solution File, Format Version 12.00
# Visual Studio 15
Project("{FAE04EC0-301F-11D3-BF4B-00C04F79EFBC}") = "Tune.Xamarin.iOS", "Tune.Xamarin.iOS.csproj", "{0B3A75B4-25A4-4108-9A90-DB1FF3D5E106}"
EndProject
Global
	GlobalSection(SolutionConfigurationPlatforms) = preSolution
		Debug|Any CPU = Debug|Any CPU
		Release|Any CPU = Release|Any CPU
	EndGlobalSection
	GlobalSection(ProjectConfigurationPlatforms) = postSolution
		{0B3A75B4-25A4-4108-9A90-DB1FF3D5E106}.Debug|Any CPU.ActiveCfg = Debug|Any CPU
		{0B3A75B4-25A4-4108-9A90-DB1FF3D5E106}.Debug|Any CPU.Build.0 = Debug|Any CPU
		{0B3A75B4-25A4-4108-9A90-DB1FF3D5E106}.Release|Any CPU.ActiveCfg = Release|Any CPU
		{0B3A75B4-25A4-4108-9A90-DB1FF3D5E106}.Release|Any CPU.Build.0 = Release|Any CPU
	EndGlobalSection
EndGlobal
